{
  "name": "day2",
  "version": "1.0.0",
  "lockfileVersion": 2,
  "requires": true,
  "packages": {
    "": {
      "name": "day2",
      "version": "1.0.0",
      "license": "ISC",
      "dependencies": {
        "@types/node": "^16.11.11"
      }
    },
    "node_modules/@types/node": {
      "version": "16.11.11",
      "resolved": "https://pkgs.dev.azure.com/crisp-thinking/_packaging/Bacon/npm/registry/@types/node/-/node-16.11.11.tgz",
      "integrity": "sha1-bqc0Lfs3nqEhCDW62oezxRISAjQ=",
      "license": "MIT"
    }
  },
  "dependencies": {
    "@types/node": {
      "version": "16.11.11",
      "resolved": "https://pkgs.dev.azure.com/crisp-thinking/_packaging/Bacon/npm/registry/@types/node/-/node-16.11.11.tgz",
      "integrity": "sha1-bqc0Lfs3nqEhCDW62oezxRISAjQ="
    }
  }
}
